# @generated - this file is auto-generated by `mise lock` https://mise.en.dev/dev-tools/mise-lock.html

[[tools.aube]]
version = "1.36.0"
backend = "github:endevco/aube"

[tools.aube."platforms.linux-arm64"]
checksum = "sha256:77455c5603eac2054a08215093b80b76e8f057bc51a6c2057466b4ef81884d7b"
url = "https://github.com/jdx/aube/releases/download/v1.36.0/aube-v1.36.0-aarch64-unknown-linux-gnu.tar.gz"
url_api = "https://api.github.com/repos/jdx/aube/releases/assets/494458862"
provenance = "github-attestations"

[tools.aube."platforms.linux-arm64-musl"]
checksum = "sha256:1a395f5a8a06fa71451a4fa98c1ae1a602e5e91e8be22da3aea6136b95a3f1e5"
url = "https://github.com/jdx/aube/releases/download/v1.36.0/aube-v1.36.0-aarch64-unknown-linux-musl.tar.gz"
url_api = "https://api.github.com/repos/jdx/aube/releases/assets/494395457"
provenance = "github-attestations"

[tools.aube."platforms.linux-x64"]
checksum = "sha256:0eb721d9ff37e24bf035f9a7cb62107593f59bd740393b2eee5b36a50e7759fb"
url = "https://github.com/jdx/aube/releases/download/v1.36.0/aube-v1.36.0-x86_64-unknown-linux-gnu.tar.gz"
url_api = "https://api.github.com/repos/jdx/aube/releases/assets/494405804"
provenance = "github-attestations"

[tools.aube."platforms.linux-x64-musl"]
checksum = "sha256:7c34b0a4adad24d36e01cc52350c5c3ae7ed8fb598596d1a7656c0e6b80e6c31"
url = "https://github.com/jdx/aube/releases/download/v1.36.0/aube-v1.36.0-x86_64-unknown-linux-musl.tar.gz"
url_api = "https://api.github.com/repos/jdx/aube/releases/assets/494402660"
provenance = "github-attestations"

[tools.aube."platforms.macos-arm64"]
checksum = "sha256:b169f6e78b081595ca738b105ba6a23d0cf87b499b7eca812203cc1615e0e5fe"
url = "https://github.com/jdx/aube/releases/download/v1.36.0/aube-v1.36.0-aarch64-apple-darwin.tar.gz"
url_api = "https://api.github.com/repos/jdx/aube/releases/assets/494475875"
provenance = "github-attestations"

[tools.aube."platforms.macos-x64"]
checksum = "sha256:1880838c7b49ed68102c95c22d09fda309c7421e5867ee421043a365b4204119"
url = "https://github.com/jdx/aube/releases/download/v1.36.0/libaube-x86_64-apple-darwin.dylib"
url_api = "https://api.github.com/repos/jdx/aube/releases/assets/494410433"
provenance = "github-attestations"

[tools.aube."platforms.windows-x64"]
checksum = "sha256:60ba3fddbea53405411700ced508071eefc98143479e87ce02ae1bc278b768ad"
url = "https://github.com/jdx/aube/releases/download/v1.36.0/aube-v1.36.0-x86_64-pc-windows-msvc.zip"
url_api = "https://api.github.com/repos/jdx/aube/releases/assets/494410751"
provenance = "github-attestations"

[[tools.clang]]
version = "22.1.3"
backend = "vfox:clang"

[tools.clang."platforms.linux-arm64"]
url = "https://github.com/prefix-dev/pixi/releases/latest/download/pixi-aarch64-unknown-linux-musl.tar.gz"

[tools.clang."platforms.linux-arm64-musl"]
url = "https://github.com/prefix-dev/pixi/releases/latest/download/pixi-aarch64-unknown-linux-musl.tar.gz"

[tools.clang."platforms.linux-x64"]
url = "https://github.com/prefix-dev/pixi/releases/latest/download/pixi-x86_64-unknown-linux-musl.tar.gz"

[tools.clang."platforms.linux-x64-musl"]
url = "https://github.com/prefix-dev/pixi/releases/latest/download/pixi-x86_64-unknown-linux-musl.tar.gz"

[tools.clang."platforms.macos-arm64"]
url = "https://github.com/prefix-dev/pixi/releases/latest/download/pixi-aarch64-apple-darwin.tar.gz"

[tools.clang."platforms.macos-x64"]
url = "https://github.com/prefix-dev/pixi/releases/latest/download/pixi-x86_64-apple-darwin.tar.gz"

[tools.clang."platforms.windows-x64"]
url = "https://github.com/prefix-dev/pixi/releases/latest/download/pixi-x86_64-pc-windows-msvc.zip"

[[tools."github:karoterra/aviutl2-aulua"]]
version = "0.10.1"
backend = "github:karoterra/aviutl2-aulua"

[tools."github:karoterra/aviutl2-aulua"."platforms.linux-x64"]
checksum = "sha256:698078babd1312891675629990d6c7a64cfad68eed16e772c55cd2668ecfe3bd"
url = "https://github.com/karoterra/aviutl2-aulua/releases/download/v0.10.1/aulua-v0.10.1-linux-x64.tar.gz"
url_api = "https://api.github.com/repos/karoterra/aviutl2-aulua/releases/assets/461200783"
provenance = "github-attestations"

[tools."github:karoterra/aviutl2-aulua"."platforms.linux-x64-musl"]
checksum = "sha256:698078babd1312891675629990d6c7a64cfad68eed16e772c55cd2668ecfe3bd"
url = "https://github.com/karoterra/aviutl2-aulua/releases/download/v0.10.1/aulua-v0.10.1-linux-x64.tar.gz"
url_api = "https://api.github.com/repos/karoterra/aviutl2-aulua/releases/assets/461200783"
provenance = "github-attestations"

[tools."github:karoterra/aviutl2-aulua"."platforms.windows-x64"]
checksum = "sha256:c715f3ebc749ec5f02cc4d0006b3d9481956a48a9694c3b0aba693568574515f"
url = "https://github.com/karoterra/aviutl2-aulua/releases/download/v0.10.1/aulua-v0.10.1-windows-x64.zip"
url_api = "https://api.github.com/repos/karoterra/aviutl2-aulua/releases/assets/461200784"
provenance = "github-attestations"

[[tools."github:rvben/rumdl"]]
version = "0.2.47"
backend = "github:rvben/rumdl"

[tools."github:rvben/rumdl"."platforms.linux-arm64"]
checksum = "sha256:a27fda498a684caae5aecd5fb41d8d6eb1690787f218c2b2bf909dc394b7f6e5"
url = "https://github.com/rvben/rumdl/releases/download/v0.2.47/rumdl-v0.2.47-aarch64-unknown-linux-gnu.tar.gz"
url_api = "https://api.github.com/repos/rvben/rumdl/releases/assets/496024307"
provenance = "github-attestations"

[tools."github:rvben/rumdl"."platforms.linux-arm64-musl"]
checksum = "sha256:b5ab4207b92c0bf0ea6d8946f15545c787e8cf6ecf2176d9e7f26c43aead86a8"
url = "https://github.com/rvben/rumdl/releases/download/v0.2.47/rumdl-v0.2.47-aarch64-unknown-linux-musl.tar.gz"
url_api = "https://api.github.com/repos/rvben/rumdl/releases/assets/496024308"
provenance = "github-attestations"

[tools."github:rvben/rumdl"."platforms.linux-x64"]
checksum = "sha256:55d8eebb1d0f77157de374def175b1ae7db395c36d62fa08f0503311c58cbe5d"
url = "https://github.com/rvben/rumdl/releases/download/v0.2.47/rumdl-v0.2.47-x86_64-unknown-linux-gnu.tar.gz"
url_api = "https://api.github.com/repos/rvben/rumdl/releases/assets/496024306"
provenance = "github-attestations"

[tools."github:rvben/rumdl"."platforms.linux-x64-musl"]
checksum = "sha256:bd4049763e93d6c25420ec086dee6690af31efc85af463c3ecf5d686a5fcf762"
url = "https://github.com/rvben/rumdl/releases/download/v0.2.47/rumdl-v0.2.47-x86_64-unknown-linux-musl.tar.gz"
url_api = "https://api.github.com/repos/rvben/rumdl/releases/assets/496024316"
provenance = "github-attestations"

[tools."github:rvben/rumdl"."platforms.macos-arm64"]
checksum = "sha256:10dc23e994327ecc6e98d285802fcad1174608f203062cb18bac55b51976e0cb"
url = "https://github.com/rvben/rumdl/releases/download/v0.2.47/rumdl-v0.2.47-aarch64-apple-darwin.tar.gz"
url_api = "https://api.github.com/repos/rvben/rumdl/releases/assets/496024317"
provenance = "github-attestations"

[tools."github:rvben/rumdl"."platforms.macos-x64"]
checksum = "sha256:9a2bf0c692310e0469fdc66fa83f74579cf0331cc1f9b306b25849cffd146c0f"
url = "https://github.com/rvben/rumdl/releases/download/v0.2.47/rumdl-v0.2.47-x86_64-apple-darwin.tar.gz"
url_api = "https://api.github.com/repos/rvben/rumdl/releases/assets/496024313"
provenance = "github-attestations"

[tools."github:rvben/rumdl"."platforms.windows-x64"]
checksum = "sha256:a8811da5a7d1ab12b7d4c9adaeb2daae6a6a8c9a96d8ad44cbb67bc3394eafa1"
url = "https://github.com/rvben/rumdl/releases/download/v0.2.47/rumdl-v0.2.47-x86_64-pc-windows-msvc.zip"
url_api = "https://api.github.com/repos/rvben/rumdl/releases/assets/496024315"
provenance = "github-attestations"

[[tools."github:sevenc-nanashi/aviutl2-cli"]]
version = "0.11.0"
backend = "github:sevenc-nanashi/aviutl2-cli"

[tools."github:sevenc-nanashi/aviutl2-cli"."platforms.linux-arm64"]
checksum = "sha256:a7a441f723f086595865ce7ea64b41a8c9db4a970d8fa7b96172aa06f8d0368a"
url = "https://github.com/sevenc-nanashi/aviutl2-cli/releases/download/0.11.0/au2-v0.11.0-linux"
url_api = "https://api.github.com/repos/sevenc-nanashi/aviutl2-cli/releases/assets/490142205"

[tools."github:sevenc-nanashi/aviutl2-cli"."platforms.linux-arm64-musl"]
checksum = "sha256:a7a441f723f086595865ce7ea64b41a8c9db4a970d8fa7b96172aa06f8d0368a"
url = "https://github.com/sevenc-nanashi/aviutl2-cli/releases/download/0.11.0/au2-v0.11.0-linux"
url_api = "https://api.github.com/repos/sevenc-nanashi/aviutl2-cli/releases/assets/490142205"

[tools."github:sevenc-nanashi/aviutl2-cli"."platforms.linux-x64"]
checksum = "sha256:a7a441f723f086595865ce7ea64b41a8c9db4a970d8fa7b96172aa06f8d0368a"
url = "https://github.com/sevenc-nanashi/aviutl2-cli/releases/download/0.11.0/au2-v0.11.0-linux"
url_api = "https://api.github.com/repos/sevenc-nanashi/aviutl2-cli/releases/assets/490142205"

[tools."github:sevenc-nanashi/aviutl2-cli"."platforms.linux-x64-musl"]
checksum = "sha256:a7a441f723f086595865ce7ea64b41a8c9db4a970d8fa7b96172aa06f8d0368a"
url = "https://github.com/sevenc-nanashi/aviutl2-cli/releases/download/0.11.0/au2-v0.11.0-linux"
url_api = "https://api.github.com/repos/sevenc-nanashi/aviutl2-cli/releases/assets/490142205"

[tools."github:sevenc-nanashi/aviutl2-cli"."platforms.windows-x64"]
checksum = "sha256:13cc7a3c1f4e9f7de26ade89b40730780c0d816183e6deb1605c151b7288e847"
url = "https://github.com/sevenc-nanashi/aviutl2-cli/releases/download/0.11.0/au2-v0.11.0-windows.exe"
url_api = "https://api.github.com/repos/sevenc-nanashi/aviutl2-cli/releases/assets/490142206"

[[tools.hk]]
version = "1.54.0"
backend = "aqua:jdx/hk"

[tools.hk."platforms.linux-arm64"]
checksum = "sha256:79458d7464bbdf63cd578ef9ece71003d3e53a993f9fa630888b93d3ae24dd79"
url = "https://github.com/jdx/hk/releases/download/v1.54.0/hk-aarch64-unknown-linux-gnu.tar.gz"
url_api = "https://api.github.com/repos/jdx/hk/releases/assets/496037128"

[tools.hk."platforms.linux-arm64-musl"]
checksum = "sha256:c1ad33f83265363440c7fc77656e604532049f038c42d7b8924fc43e5a3b935d"
url = "https://github.com/jdx/hk/releases/download/v1.54.0/hk-aarch64-unknown-linux-musl.tar.gz"
url_api = "https://api.github.com/repos/jdx/hk/releases/assets/496037132"

[tools.hk."platforms.linux-x64"]
checksum = "sha256:467f691713b1afbeada4df662bd44696405cd987a5c7f64fee0fe71399628d0c"
url = "https://github.com/jdx/hk/releases/download/v1.54.0/hk-x86_64-unknown-linux-gnu.tar.gz"
url_api = "https://api.github.com/repos/jdx/hk/releases/assets/496037136"

[tools.hk."platforms.linux-x64-musl"]
checksum = "sha256:ddce69611ce32a08b481dd3ccd5c700b1d535d12c86be784bc6d74b1d6256546"
url = "https://github.com/jdx/hk/releases/download/v1.54.0/hk-x86_64-unknown-linux-musl.tar.gz"
url_api = "https://api.github.com/repos/jdx/hk/releases/assets/496037135"

[tools.hk."platforms.macos-arm64"]
checksum = "sha256:54e47c56f64916e63004b68ae848637e3e90d06f89e3ae8de985ebc35fd9f7e7"
url = "https://github.com/jdx/hk/releases/download/v1.54.0/hk-aarch64-apple-darwin.tar.gz"
url_api = "https://api.github.com/repos/jdx/hk/releases/assets/496037130"

[tools.hk."platforms.windows-x64"]
checksum = "sha256:ab0f65942c89c72b322c700bf427926f54db84fd2827121eab03287144d2ec64"
url = "https://github.com/jdx/hk/releases/download/v1.54.0/hk-x86_64-pc-windows-msvc.zip"
url_api = "https://api.github.com/repos/jdx/hk/releases/assets/496037131"

[[tools."npm:chokidar-cli"]]
version = "3.0.0"
backend = "npm:chokidar-cli"

[[tools.ruby]]
version = "4.0.6"
backend = "core:ruby"

[[tools.stylua]]
version = "2.5.2"
backend = "aqua:JohnnyMorganz/StyLua"

[tools.stylua."platforms.linux-arm64"]
checksum = "sha256:0ef2ebf0b7e5a652b65c4cb96c6d9ffb3981a98547de3c764465bbf54a8d761a"
url = "https://github.com/JohnnyMorganz/StyLua/releases/download/v2.5.2/stylua-linux-aarch64.zip"
url_api = "https://api.github.com/repos/JohnnyMorganz/StyLua/releases/assets/421900973"

[tools.stylua."platforms.linux-arm64-musl"]
checksum = "sha256:b948df6b4bae41af9a70948174372f96a3c14d44e3e017288701539f3db8fb75"
url = "https://github.com/JohnnyMorganz/StyLua/releases/download/v2.5.2/stylua-linux-aarch64-musl.zip"
url_api = "https://api.github.com/repos/JohnnyMorganz/StyLua/releases/assets/421900982"

[tools.stylua."platforms.linux-x64"]
checksum = "sha256:ca6f1cf52eaf69e6632b81acef9c197aa24b85eb30d2455a35e7dbe28ae77c72"
url = "https://github.com/JohnnyMorganz/StyLua/releases/download/v2.5.2/stylua-linux-x86_64-musl.zip"
url_api = "https://api.github.com/repos/JohnnyMorganz/StyLua/releases/assets/421901066"

[tools.stylua."platforms.linux-x64-musl"]
checksum = "sha256:ca6f1cf52eaf69e6632b81acef9c197aa24b85eb30d2455a35e7dbe28ae77c72"
url = "https://github.com/JohnnyMorganz/StyLua/releases/download/v2.5.2/stylua-linux-x86_64-musl.zip"
url_api = "https://api.github.com/repos/JohnnyMorganz/StyLua/releases/assets/421901066"

[tools.stylua."platforms.macos-arm64"]
checksum = "sha256:92ff0889e16324801bc072692974bb67f8161e62010fc90f96c62a17f81f32c7"
url = "https://github.com/JohnnyMorganz/StyLua/releases/download/v2.5.2/stylua-macos-aarch64.zip"
url_api = "https://api.github.com/repos/JohnnyMorganz/StyLua/releases/assets/421901102"

[tools.stylua."platforms.macos-x64"]
checksum = "sha256:53c50a1605d0a6345d160a1a5a21db40bcf2bf9cd23c17f7c277a63a1bff3a7f"
url = "https://github.com/JohnnyMorganz/StyLua/releases/download/v2.5.2/stylua-macos-x86_64.zip"
url_api = "https://api.github.com/repos/JohnnyMorganz/StyLua/releases/assets/421901085"

[tools.stylua."platforms.windows-x64"]
checksum = "sha256:e77d0ea1226b8b389b43f702240091249a96eea25857281f90ea24d0eb9eb969"
url = "https://github.com/JohnnyMorganz/StyLua/releases/download/v2.5.2/stylua-windows-x86_64.zip"
url_api = "https://api.github.com/repos/JohnnyMorganz/StyLua/releases/assets/421902292"

[[tools.taplo]]
version = "0.10.0"
backend = "aqua:tamasfe/taplo"

[tools.taplo."platforms.linux-arm64"]
url = "https://github.com/tamasfe/taplo/releases/download/0.10.0/taplo-linux-aarch64.gz"
url_api = "https://api.github.com/repos/tamasfe/taplo/releases/assets/257322597"

[tools.taplo."platforms.linux-arm64-musl"]
url = "https://github.com/tamasfe/taplo/releases/download/0.10.0/taplo-linux-aarch64.gz"
url_api = "https://api.github.com/repos/tamasfe/taplo/releases/assets/257322597"

[tools.taplo."platforms.linux-x64"]
url = "https://github.com/tamasfe/taplo/releases/download/0.10.0/taplo-linux-x86_64.gz"
url_api = "https://api.github.com/repos/tamasfe/taplo/releases/assets/257322600"

[tools.taplo."platforms.linux-x64-musl"]
url = "https://github.com/tamasfe/taplo/releases/download/0.10.0/taplo-linux-x86_64.gz"
url_api = "https://api.github.com/repos/tamasfe/taplo/releases/assets/257322600"

[tools.taplo."platforms.macos-arm64"]
url = "https://github.com/tamasfe/taplo/releases/download/0.10.0/taplo-darwin-aarch64.gz"
url_api = "https://api.github.com/repos/tamasfe/taplo/releases/assets/257323110"

[tools.taplo."platforms.macos-x64"]
url = "https://github.com/tamasfe/taplo/releases/download/0.10.0/taplo-darwin-x86_64.gz"
url_api = "https://api.github.com/repos/tamasfe/taplo/releases/assets/257323116"

[tools.taplo."platforms.windows-x64"]
url = "https://github.com/tamasfe/taplo/releases/download/0.10.0/taplo-windows-x86_64.zip"
url_api = "https://api.github.com/repos/tamasfe/taplo/releases/assets/257323062"
