# @generated - this file is auto-generated by `mise lock` https://mise.jdx.dev/dev-tools/mise-lock.html

[[tools.clang]]
version = "22.1.3"
backend = "vfox:clang"

[tools.clang."platforms.linux-arm64"]
url = "https://github.com/prefix-dev/pixi/releases/latest/download/pixi-aarch64-unknown-linux-musl.tar.gz"

[tools.clang."platforms.linux-arm64-musl"]
url = "https://github.com/prefix-dev/pixi/releases/latest/download/pixi-aarch64-unknown-linux-musl.tar.gz"

[tools.clang."platforms.linux-x64"]
url = "https://github.com/prefix-dev/pixi/releases/latest/download/pixi-x86_64-unknown-linux-musl.tar.gz"

[tools.clang."platforms.linux-x64-musl"]
url = "https://github.com/prefix-dev/pixi/releases/latest/download/pixi-x86_64-unknown-linux-musl.tar.gz"

[tools.clang."platforms.macos-arm64"]
url = "https://github.com/prefix-dev/pixi/releases/latest/download/pixi-aarch64-apple-darwin.tar.gz"

[tools.clang."platforms.macos-x64"]
url = "https://github.com/prefix-dev/pixi/releases/latest/download/pixi-x86_64-apple-darwin.tar.gz"

[tools.clang."platforms.windows-x64"]
url = "https://github.com/prefix-dev/pixi/releases/latest/download/pixi-x86_64-pc-windows-msvc.zip"

[[tools."github:antaalt/shader-sense"]]
version = "1.3.1"
backend = "github:antaalt/shader-sense"

[tools."github:antaalt/shader-sense"."platforms.linux-arm64"]
checksum = "sha256:1a523310b1c817b80f86901077d9c4dfde81a72a0698c09f0dad26e578fea7fa"
url = "https://github.com/antaalt/shader-sense/releases/download/v1.3.1/shader-language-server-wasm32-wasip1-threads.zip"
url_api = "https://api.github.com/repos/antaalt/shader-sense/releases/assets/394264212"

[tools."github:antaalt/shader-sense"."platforms.linux-arm64-musl"]
checksum = "sha256:1a523310b1c817b80f86901077d9c4dfde81a72a0698c09f0dad26e578fea7fa"
url = "https://github.com/antaalt/shader-sense/releases/download/v1.3.1/shader-language-server-wasm32-wasip1-threads.zip"
url_api = "https://api.github.com/repos/antaalt/shader-sense/releases/assets/394264212"

[tools."github:antaalt/shader-sense"."platforms.linux-x64"]
checksum = "sha256:61710df7ca17a2d063b598936c57c56c49fbf837707a1aa886f9b0193a35be3c"
url = "https://github.com/antaalt/shader-sense/releases/download/v1.3.1/shader-language-server-x86_64-unknown-linux-gnu.zip"
url_api = "https://api.github.com/repos/antaalt/shader-sense/releases/assets/394264302"

[tools."github:antaalt/shader-sense"."platforms.linux-x64-musl"]
checksum = "sha256:61710df7ca17a2d063b598936c57c56c49fbf837707a1aa886f9b0193a35be3c"
url = "https://github.com/antaalt/shader-sense/releases/download/v1.3.1/shader-language-server-x86_64-unknown-linux-gnu.zip"
url_api = "https://api.github.com/repos/antaalt/shader-sense/releases/assets/394264302"

[tools."github:antaalt/shader-sense"."platforms.macos-arm64"]
checksum = "sha256:1a523310b1c817b80f86901077d9c4dfde81a72a0698c09f0dad26e578fea7fa"
url = "https://github.com/antaalt/shader-sense/releases/download/v1.3.1/shader-language-server-wasm32-wasip1-threads.zip"
url_api = "https://api.github.com/repos/antaalt/shader-sense/releases/assets/394264212"

[tools."github:antaalt/shader-sense"."platforms.macos-x64"]
checksum = "sha256:1a523310b1c817b80f86901077d9c4dfde81a72a0698c09f0dad26e578fea7fa"
url = "https://github.com/antaalt/shader-sense/releases/download/v1.3.1/shader-language-server-wasm32-wasip1-threads.zip"
url_api = "https://api.github.com/repos/antaalt/shader-sense/releases/assets/394264212"

[tools."github:antaalt/shader-sense"."platforms.windows-x64"]
checksum = "sha256:49081c5547ddde1b8b3b17295282a80ddacbca1d6f5dcd834e2788c02bafa997"
url = "https://github.com/antaalt/shader-sense/releases/download/v1.3.1/shader-language-server-x86_64-pc-windows-msvc.zip"
url_api = "https://api.github.com/repos/antaalt/shader-sense/releases/assets/394264338"

[[tools."github:karoterra/aviutl2-aulua"]]
version = "0.7.1"
backend = "github:karoterra/aviutl2-aulua"

[tools."github:karoterra/aviutl2-aulua"."platforms.linux-x64"]
checksum = "sha256:e89eb9968f6c39ba931d800d4655fe85728ab3b1c31f5e745fb2225d45777b22"
url = "https://github.com/karoterra/aviutl2-aulua/releases/download/v0.7.1/aulua-v0.7.1-linux-x64.tar.gz"
url_api = "https://api.github.com/repos/karoterra/aviutl2-aulua/releases/assets/379217682"

[tools."github:karoterra/aviutl2-aulua"."platforms.linux-x64-musl"]
checksum = "sha256:e89eb9968f6c39ba931d800d4655fe85728ab3b1c31f5e745fb2225d45777b22"
url = "https://github.com/karoterra/aviutl2-aulua/releases/download/v0.7.1/aulua-v0.7.1-linux-x64.tar.gz"
url_api = "https://api.github.com/repos/karoterra/aviutl2-aulua/releases/assets/379217682"

[tools."github:karoterra/aviutl2-aulua"."platforms.windows-x64"]
checksum = "sha256:04cbb0af67114b5048b4512409273d3376f87dbd316ee433d36f1482f5e7c0d6"
url = "https://github.com/karoterra/aviutl2-aulua/releases/download/v0.7.1/aulua-v0.7.1-windows-x64.zip"
url_api = "https://api.github.com/repos/karoterra/aviutl2-aulua/releases/assets/379217683"

[[tools."github:nolanderc/glsl_analyzer"]]
version = "1.7.1"
backend = "github:nolanderc/glsl_analyzer"

[tools."github:nolanderc/glsl_analyzer"."platforms.linux-arm64"]
checksum = "sha256:dda05d727979c34333b86562bb706122ab95d17cd7298665e8afbaba79f76ea6"
url = "https://github.com/nolanderc/glsl_analyzer/releases/download/v1.7.1/aarch64-linux-musl.zip"
url_api = "https://api.github.com/repos/nolanderc/glsl_analyzer/releases/assets/307401549"

[tools."github:nolanderc/glsl_analyzer"."platforms.linux-x64"]
checksum = "sha256:7c929b304e0d34abf4305d07895c409861f054613c3ae4070baa7ca15c916e7a"
url = "https://github.com/nolanderc/glsl_analyzer/releases/download/v1.7.1/x86_64-linux-musl.zip"
url_api = "https://api.github.com/repos/nolanderc/glsl_analyzer/releases/assets/307401550"

[tools."github:nolanderc/glsl_analyzer"."platforms.macos-arm64"]
checksum = "sha256:7f78d98e762b241f7a39dde0fed81c9e4c58766cba5a8abcf20ce03790ee1678"
url = "https://github.com/nolanderc/glsl_analyzer/releases/download/v1.7.1/aarch64-macos.zip"
url_api = "https://api.github.com/repos/nolanderc/glsl_analyzer/releases/assets/307401547"

[tools."github:nolanderc/glsl_analyzer"."platforms.macos-x64"]
checksum = "sha256:8025e8c765b3bd6ab1e08bf7fd096437827397d618c43de2d4e377cc3b1f16fe"
url = "https://github.com/nolanderc/glsl_analyzer/releases/download/v1.7.1/x86_64-macos.zip"
url_api = "https://api.github.com/repos/nolanderc/glsl_analyzer/releases/assets/307401548"

[tools."github:nolanderc/glsl_analyzer"."platforms.windows-x64"]
checksum = "sha256:117604ba20860abf0808fc5551a6e06d305066c1f4296d81a51f175a2cf2a38c"
url = "https://github.com/nolanderc/glsl_analyzer/releases/download/v1.7.1/x86_64-windows.zip"
url_api = "https://api.github.com/repos/nolanderc/glsl_analyzer/releases/assets/307401551"

[[tools."github:rvben/rumdl"]]
version = "0.1.72"
backend = "github:rvben/rumdl"

[tools."github:rvben/rumdl"."platforms.linux-arm64"]
checksum = "sha256:3ae42e89cd3d42896762c375ddb9b0065bfe8f36bf38f01ed490bac088b738ed"
url = "https://github.com/rvben/rumdl/releases/download/v0.1.72/rumdl-v0.1.72-aarch64-unknown-linux-gnu.tar.gz"
url_api = "https://api.github.com/repos/rvben/rumdl/releases/assets/396276021"
provenance = "github-attestations"

[tools."github:rvben/rumdl"."platforms.linux-arm64-musl"]
checksum = "sha256:ccebe6ce599c27f4df59ad9a7177d45420f38f16f75943ee6ff2d586dbc277c6"
url = "https://github.com/rvben/rumdl/releases/download/v0.1.72/rumdl-v0.1.72-aarch64-unknown-linux-musl.tar.gz"
url_api = "https://api.github.com/repos/rvben/rumdl/releases/assets/396276024"
provenance = "github-attestations"

[tools."github:rvben/rumdl"."platforms.linux-x64"]
checksum = "sha256:d097e39273572ea31b48f6bfac37f4fa421d175dda8b15815dd9ba056e0bd90e"
url = "https://github.com/rvben/rumdl/releases/download/v0.1.72/rumdl-v0.1.72-x86_64-unknown-linux-gnu.tar.gz"
url_api = "https://api.github.com/repos/rvben/rumdl/releases/assets/396276025"
provenance = "github-attestations"

[tools."github:rvben/rumdl"."platforms.linux-x64-musl"]
checksum = "sha256:46a10da15b3ddb3b3b5a2df50ca60ea3b51b361771d019be4e84b06fe9ad15b9"
url = "https://github.com/rvben/rumdl/releases/download/v0.1.72/rumdl-v0.1.72-x86_64-unknown-linux-musl.tar.gz"
url_api = "https://api.github.com/repos/rvben/rumdl/releases/assets/396276019"
provenance = "github-attestations"

[tools."github:rvben/rumdl"."platforms.macos-arm64"]
checksum = "sha256:b1b5d2d8f3120083880860360a2768fb743d8a10b9e5b5f3ab4df621aee8b5ed"
url = "https://github.com/rvben/rumdl/releases/download/v0.1.72/rumdl-v0.1.72-aarch64-apple-darwin.tar.gz"
url_api = "https://api.github.com/repos/rvben/rumdl/releases/assets/396276022"
provenance = "github-attestations"

[tools."github:rvben/rumdl"."platforms.macos-x64"]
checksum = "sha256:798764038588b6e85a01e9e285bb3f0f26f1d8470867a6c54e51be65358eb8c9"
url = "https://github.com/rvben/rumdl/releases/download/v0.1.72/rumdl-v0.1.72-x86_64-apple-darwin.tar.gz"
url_api = "https://api.github.com/repos/rvben/rumdl/releases/assets/396276020"
provenance = "github-attestations"

[tools."github:rvben/rumdl"."platforms.windows-x64"]
checksum = "sha256:4a1285c5fd2c2e888621360300679867c1a0c53ba5fcb323083f7baaffbe1ef9"
url = "https://github.com/rvben/rumdl/releases/download/v0.1.72/rumdl-v0.1.72-x86_64-pc-windows-msvc.zip"
url_api = "https://api.github.com/repos/rvben/rumdl/releases/assets/396276031"
provenance = "github-attestations"

[[tools."github:sevenc-nanashi/aviutl2-cli"]]
version = "0.8.2"
backend = "github:sevenc-nanashi/aviutl2-cli"

[tools."github:sevenc-nanashi/aviutl2-cli"."platforms.linux-arm64"]
checksum = "sha256:a975f0311a4dab46962fd96bddfdc5e4a178ca1cd6d43a32b76fd96e577832e8"
url = "https://github.com/sevenc-nanashi/aviutl2-cli/releases/download/0.8.2/au2-v0.8.2-linux"
url_api = "https://api.github.com/repos/sevenc-nanashi/aviutl2-cli/releases/assets/391520741"

[tools."github:sevenc-nanashi/aviutl2-cli"."platforms.linux-arm64-musl"]
checksum = "sha256:a975f0311a4dab46962fd96bddfdc5e4a178ca1cd6d43a32b76fd96e577832e8"
url = "https://github.com/sevenc-nanashi/aviutl2-cli/releases/download/0.8.2/au2-v0.8.2-linux"
url_api = "https://api.github.com/repos/sevenc-nanashi/aviutl2-cli/releases/assets/391520741"

[tools."github:sevenc-nanashi/aviutl2-cli"."platforms.linux-x64"]
checksum = "sha256:a975f0311a4dab46962fd96bddfdc5e4a178ca1cd6d43a32b76fd96e577832e8"
url = "https://github.com/sevenc-nanashi/aviutl2-cli/releases/download/0.8.2/au2-v0.8.2-linux"
url_api = "https://api.github.com/repos/sevenc-nanashi/aviutl2-cli/releases/assets/391520741"

[tools."github:sevenc-nanashi/aviutl2-cli"."platforms.linux-x64-musl"]
checksum = "sha256:a975f0311a4dab46962fd96bddfdc5e4a178ca1cd6d43a32b76fd96e577832e8"
url = "https://github.com/sevenc-nanashi/aviutl2-cli/releases/download/0.8.2/au2-v0.8.2-linux"
url_api = "https://api.github.com/repos/sevenc-nanashi/aviutl2-cli/releases/assets/391520741"

[tools."github:sevenc-nanashi/aviutl2-cli"."platforms.windows-x64"]
checksum = "sha256:a5ed78a19ebabb271864e6cd12b8294e5eb2c39ea7bd4cf2866f39687e9bab5e"
url = "https://github.com/sevenc-nanashi/aviutl2-cli/releases/download/0.8.2/au2-v0.8.2-windows.exe"
url_api = "https://api.github.com/repos/sevenc-nanashi/aviutl2-cli/releases/assets/391520740"

[[tools."npm:chokidar-cli"]]
version = "3.0.0"
backend = "npm:chokidar-cli"

[[tools."npm:lefthook"]]
version = "2.0.9"
backend = "npm:lefthook"

[[tools.ruby]]
version = "4.0.2"
backend = "core:ruby"

[[tools.stylua]]
version = "2.4.1"
backend = "aqua:JohnnyMorganz/StyLua"

[tools.stylua."platforms.linux-arm64"]
checksum = "sha256:ce8363cf77fb88f31e5cd8fe4cd8a61ff63ac0483bc5e38a1e24c5a894f04035"
url = "https://github.com/JohnnyMorganz/StyLua/releases/download/v2.4.1/stylua-linux-aarch64.zip"

[tools.stylua."platforms.linux-arm64-musl"]
checksum = "sha256:ce8363cf77fb88f31e5cd8fe4cd8a61ff63ac0483bc5e38a1e24c5a894f04035"
url = "https://github.com/JohnnyMorganz/StyLua/releases/download/v2.4.1/stylua-linux-aarch64.zip"

[tools.stylua."platforms.linux-x64"]
checksum = "sha256:cb9280d967a3f83e443b354a6497b562de4acc1daccf4456df0f7232653d3843"
url = "https://github.com/JohnnyMorganz/StyLua/releases/download/v2.4.1/stylua-linux-x86_64-musl.zip"

[tools.stylua."platforms.linux-x64-musl"]
checksum = "sha256:cb9280d967a3f83e443b354a6497b562de4acc1daccf4456df0f7232653d3843"
url = "https://github.com/JohnnyMorganz/StyLua/releases/download/v2.4.1/stylua-linux-x86_64-musl.zip"

[tools.stylua."platforms.macos-arm64"]
checksum = "sha256:c1680c337c8d799b4226a10e8ac6744606fd00b01eb3046120b5226e31306809"
url = "https://github.com/JohnnyMorganz/StyLua/releases/download/v2.4.1/stylua-macos-aarch64.zip"

[tools.stylua."platforms.macos-x64"]
checksum = "sha256:985dc2c791ef5f0bfbaea99f18b01322613f5c6985979a8346c346a341043331"
url = "https://github.com/JohnnyMorganz/StyLua/releases/download/v2.4.1/stylua-macos-x86_64.zip"

[tools.stylua."platforms.windows-x64"]
checksum = "sha256:9b1627b6034aa7ea0ce80485d2a07e777447548839a40acda6e30824a2bba07a"
url = "https://github.com/JohnnyMorganz/StyLua/releases/download/v2.4.1/stylua-windows-x86_64.zip"

[[tools.taplo]]
version = "0.10.0"
backend = "aqua:tamasfe/taplo"

[tools.taplo."platforms.windows-x64"]
url = "https://github.com/tamasfe/taplo/releases/download/0.10.0/taplo-windows-x86_64.zip"
