# @generated - this file is auto-generated by `mise lock` https://mise.en.dev/dev-tools/mise-lock.html

[[tools.aube]]
version = "1.17.1"
backend = "github:endevco/aube"

[tools.aube."platforms.linux-arm64"]
checksum = "sha256:e9b6477afde82d1142d9c784e18533460fb4f3ff0173357b44183ce98c1decd4"
url = "https://github.com/jdx/aube/releases/download/v1.17.1/aube-v1.17.1-aarch64-unknown-linux-gnu.tar.gz"
url_api = "https://api.github.com/repos/jdx/aube/releases/assets/434710709"
provenance = "github-attestations"

[tools.aube."platforms.linux-arm64-musl"]
checksum = "sha256:2bbfaecc09a45ef2e8a60c160494376c6285a9ed3fecfdf98dc057cad2ee6636"
url = "https://github.com/jdx/aube/releases/download/v1.17.1/aube-v1.17.1-aarch64-unknown-linux-musl.tar.gz"
url_api = "https://api.github.com/repos/jdx/aube/releases/assets/434649307"
provenance = "github-attestations"

[tools.aube."platforms.linux-x64"]
checksum = "sha256:61fa92055042de2b315a5d8bc7992d1a4b9ab3b6361420e30f30d62e49d1ccf1"
url = "https://github.com/jdx/aube/releases/download/v1.17.1/aube-v1.17.1-x86_64-unknown-linux-gnu.tar.gz"
url_api = "https://api.github.com/repos/jdx/aube/releases/assets/434657319"
provenance = "github-attestations"

[tools.aube."platforms.linux-x64-musl"]
checksum = "sha256:ab5b51813ca6f5e24a4ec571c7404cf94f5767d94d32ac058bd2e2d3e4ed0896"
url = "https://github.com/jdx/aube/releases/download/v1.17.1/aube-v1.17.1-x86_64-unknown-linux-musl.tar.gz"
url_api = "https://api.github.com/repos/jdx/aube/releases/assets/434660501"
provenance = "github-attestations"

[tools.aube."platforms.macos-arm64"]
checksum = "sha256:ef3f429bd94f99afbfd4d49631e10260848b7ffc18cc908199b2eea651fa55cf"
url = "https://github.com/jdx/aube/releases/download/v1.17.1/aube-v1.17.1-aarch64-apple-darwin.tar.gz"
url_api = "https://api.github.com/repos/jdx/aube/releases/assets/434693494"
provenance = "github-attestations"

[tools.aube."platforms.windows-x64"]
checksum = "sha256:dca4a1ea053f8c775d03be267e3a000cffbe958f01ee942a788c17a3d086015a"
url = "https://github.com/jdx/aube/releases/download/v1.17.1/aube-v1.17.1-x86_64-pc-windows-msvc.zip"
url_api = "https://api.github.com/repos/jdx/aube/releases/assets/434660591"
provenance = "github-attestations"

[[tools.clang]]
version = "22.1.0"
backend = "vfox:clang"

[tools.clang."platforms.linux-arm64"]
url = "https://github.com/prefix-dev/pixi/releases/latest/download/pixi-aarch64-unknown-linux-musl.tar.gz"

[tools.clang."platforms.linux-arm64-musl"]
url = "https://github.com/prefix-dev/pixi/releases/latest/download/pixi-aarch64-unknown-linux-musl.tar.gz"

[tools.clang."platforms.linux-x64"]
url = "https://github.com/prefix-dev/pixi/releases/latest/download/pixi-x86_64-unknown-linux-musl.tar.gz"

[tools.clang."platforms.linux-x64-musl"]
url = "https://github.com/prefix-dev/pixi/releases/latest/download/pixi-x86_64-unknown-linux-musl.tar.gz"

[tools.clang."platforms.macos-arm64"]
url = "https://github.com/prefix-dev/pixi/releases/latest/download/pixi-aarch64-apple-darwin.tar.gz"

[tools.clang."platforms.macos-x64"]
url = "https://github.com/prefix-dev/pixi/releases/latest/download/pixi-x86_64-apple-darwin.tar.gz"

[tools.clang."platforms.windows-x64"]
url = "https://github.com/prefix-dev/pixi/releases/latest/download/pixi-x86_64-pc-windows-msvc.zip"

[[tools."github:karoterra/aviutl2-aulua"]]
version = "0.8.0"
backend = "github:karoterra/aviutl2-aulua"

[tools."github:karoterra/aviutl2-aulua"."platforms.linux-x64"]
checksum = "sha256:16079ba98bfb3edd947acbcc610aeb0a56472e7d370f13ca77a716e8d8d2101f"
url = "https://github.com/karoterra/aviutl2-aulua/releases/download/v0.8.0/aulua-v0.8.0-linux-x64.tar.gz"
url_api = "https://api.github.com/repos/karoterra/aviutl2-aulua/releases/assets/399796715"

[tools."github:karoterra/aviutl2-aulua"."platforms.linux-x64-musl"]
checksum = "sha256:16079ba98bfb3edd947acbcc610aeb0a56472e7d370f13ca77a716e8d8d2101f"
url = "https://github.com/karoterra/aviutl2-aulua/releases/download/v0.8.0/aulua-v0.8.0-linux-x64.tar.gz"
url_api = "https://api.github.com/repos/karoterra/aviutl2-aulua/releases/assets/399796715"

[tools."github:karoterra/aviutl2-aulua"."platforms.windows-x64"]
checksum = "sha256:04c6305a3e7d3757b2c1315d6cdc08eff818d3374291960d4416fa692cad7021"
url = "https://github.com/karoterra/aviutl2-aulua/releases/download/v0.8.0/aulua-v0.8.0-windows-x64.zip"
url_api = "https://api.github.com/repos/karoterra/aviutl2-aulua/releases/assets/399796714"

[[tools."github:rvben/rumdl"]]
version = "0.1.76"
backend = "github:rvben/rumdl"

[tools."github:rvben/rumdl"."platforms.linux-arm64"]
checksum = "sha256:9b11c19fe342b082245975838c5dd9c963324fb7ffd9e6bb4295423b615b7798"
url = "https://github.com/rvben/rumdl/releases/download/v0.1.76/rumdl-v0.1.76-aarch64-unknown-linux-gnu.tar.gz"
url_api = "https://api.github.com/repos/rvben/rumdl/releases/assets/400167257"
provenance = "github-attestations"

[tools."github:rvben/rumdl"."platforms.linux-arm64-musl"]
checksum = "sha256:50bc29c1d795c7490bbbb9c1a149024ab56a1e01a02842a7e39ed7b5d1200d99"
url = "https://github.com/rvben/rumdl/releases/download/v0.1.76/rumdl-v0.1.76-aarch64-unknown-linux-musl.tar.gz"
url_api = "https://api.github.com/repos/rvben/rumdl/releases/assets/400167258"
provenance = "github-attestations"

[tools."github:rvben/rumdl"."platforms.linux-x64"]
checksum = "sha256:2232350437ed9a6179061a3d198c9ce0affeefe3c6c18186f40434d81536c3b1"
url = "https://github.com/rvben/rumdl/releases/download/v0.1.76/rumdl-v0.1.76-x86_64-unknown-linux-gnu.tar.gz"
url_api = "https://api.github.com/repos/rvben/rumdl/releases/assets/400167254"
provenance = "github-attestations"

[tools."github:rvben/rumdl"."platforms.linux-x64-musl"]
checksum = "sha256:2704d3ce31b4a3f6d96ef313473ec1d5538f05caeb8d6c64016df31bb7ee537c"
url = "https://github.com/rvben/rumdl/releases/download/v0.1.76/rumdl-v0.1.76-x86_64-unknown-linux-musl.tar.gz"
url_api = "https://api.github.com/repos/rvben/rumdl/releases/assets/400167253"
provenance = "github-attestations"

[tools."github:rvben/rumdl"."platforms.macos-arm64"]
checksum = "sha256:826e5b6eea81bebff75ed9a836ea30483b300f230b8c107ccd7a3641d444540d"
url = "https://github.com/rvben/rumdl/releases/download/v0.1.76/rumdl-v0.1.76-aarch64-apple-darwin.tar.gz"
url_api = "https://api.github.com/repos/rvben/rumdl/releases/assets/400167260"
provenance = "github-attestations"

[tools."github:rvben/rumdl"."platforms.macos-x64"]
checksum = "sha256:101a3581cd61963efa4d2b9baecd14ae5dcc19b259b290cb4fc5ae5b8eba2113"
url = "https://github.com/rvben/rumdl/releases/download/v0.1.76/rumdl-v0.1.76-x86_64-apple-darwin.tar.gz"
url_api = "https://api.github.com/repos/rvben/rumdl/releases/assets/400167255"
provenance = "github-attestations"

[tools."github:rvben/rumdl"."platforms.windows-x64"]
checksum = "sha256:05c65b213416a6e6b4e1439a50b9681912a2e1be545a9d9ee63a72dea3c32982"
url = "https://github.com/rvben/rumdl/releases/download/v0.1.76/rumdl-v0.1.76-x86_64-pc-windows-msvc.zip"
url_api = "https://api.github.com/repos/rvben/rumdl/releases/assets/400167262"
provenance = "github-attestations"

[[tools."github:sevenc-nanashi/aviutl2-cli"]]
version = "0.8.2"
backend = "github:sevenc-nanashi/aviutl2-cli"

[tools."github:sevenc-nanashi/aviutl2-cli"."platforms.linux-arm64"]
checksum = "sha256:a975f0311a4dab46962fd96bddfdc5e4a178ca1cd6d43a32b76fd96e577832e8"
url = "https://github.com/sevenc-nanashi/aviutl2-cli/releases/download/0.8.2/au2-v0.8.2-linux"
url_api = "https://api.github.com/repos/sevenc-nanashi/aviutl2-cli/releases/assets/391520741"

[tools."github:sevenc-nanashi/aviutl2-cli"."platforms.linux-arm64-musl"]
checksum = "sha256:a975f0311a4dab46962fd96bddfdc5e4a178ca1cd6d43a32b76fd96e577832e8"
url = "https://github.com/sevenc-nanashi/aviutl2-cli/releases/download/0.8.2/au2-v0.8.2-linux"
url_api = "https://api.github.com/repos/sevenc-nanashi/aviutl2-cli/releases/assets/391520741"

[tools."github:sevenc-nanashi/aviutl2-cli"."platforms.linux-x64"]
checksum = "sha256:a975f0311a4dab46962fd96bddfdc5e4a178ca1cd6d43a32b76fd96e577832e8"
url = "https://github.com/sevenc-nanashi/aviutl2-cli/releases/download/0.8.2/au2-v0.8.2-linux"
url_api = "https://api.github.com/repos/sevenc-nanashi/aviutl2-cli/releases/assets/391520741"

[tools."github:sevenc-nanashi/aviutl2-cli"."platforms.linux-x64-musl"]
checksum = "sha256:a975f0311a4dab46962fd96bddfdc5e4a178ca1cd6d43a32b76fd96e577832e8"
url = "https://github.com/sevenc-nanashi/aviutl2-cli/releases/download/0.8.2/au2-v0.8.2-linux"
url_api = "https://api.github.com/repos/sevenc-nanashi/aviutl2-cli/releases/assets/391520741"

[tools."github:sevenc-nanashi/aviutl2-cli"."platforms.windows-x64"]
checksum = "sha256:a5ed78a19ebabb271864e6cd12b8294e5eb2c39ea7bd4cf2866f39687e9bab5e"
url = "https://github.com/sevenc-nanashi/aviutl2-cli/releases/download/0.8.2/au2-v0.8.2-windows.exe"
url_api = "https://api.github.com/repos/sevenc-nanashi/aviutl2-cli/releases/assets/391520740"

[[tools.hk]]
version = "1.46.0"
backend = "aqua:jdx/hk"

[tools.hk."platforms.linux-arm64"]
checksum = "sha256:bad1b4e52cce2147646d943baa06a7bdb3d182ae0876853897a72225626411ae"
url = "https://github.com/jdx/hk/releases/download/v1.46.0/hk-aarch64-unknown-linux-gnu.tar.gz"

[tools.hk."platforms.linux-arm64-musl"]
checksum = "sha256:ad11b69485096ec5b1822f5bad298d2a44664b85d10d0308c812473b17b1321a"
url = "https://github.com/jdx/hk/releases/download/v1.46.0/hk-aarch64-unknown-linux-musl.tar.gz"

[tools.hk."platforms.linux-x64"]
checksum = "sha256:85b2cc167443cd27b49e323ef9b9d1a946d4bc18196eccb66112842d30fb90cb"
url = "https://github.com/jdx/hk/releases/download/v1.46.0/hk-x86_64-unknown-linux-gnu.tar.gz"

[tools.hk."platforms.linux-x64-musl"]
checksum = "sha256:4ff45e1bfc9672b1b00572b4a50fac3b57e4add622ed56e9e2587745299932eb"
url = "https://github.com/jdx/hk/releases/download/v1.46.0/hk-x86_64-unknown-linux-musl.tar.gz"

[tools.hk."platforms.macos-arm64"]
checksum = "sha256:9db3fac25754cfb929dc3f92b294fffdb966d4e838b8e0adeaf5b9b7eccc4f6c"
url = "https://github.com/jdx/hk/releases/download/v1.46.0/hk-aarch64-apple-darwin.tar.gz"

[tools.hk."platforms.windows-x64"]
checksum = "sha256:5af7e769acb7f70d8630ed53ae1fb2cc4b205117f29df5d83619fa0ff72a3bf1"
url = "https://github.com/jdx/hk/releases/download/v1.46.0/hk-x86_64-pc-windows-msvc.zip"

[[tools."npm:chokidar-cli"]]
version = "3.0.0"
backend = "npm:chokidar-cli"

[[tools.ruby]]
version = "4.0.2"
backend = "core:ruby"

[tools.ruby."platforms.linux-arm64"]
checksum = "sha256:f4bae6aba123a65817cb005d35f994781935f58d6388dd6bd3d5cd27f793a463"
url = "https://github.com/jdx/ruby/releases/download/4.0.2-1/ruby-4.0.2.arm64_linux.tar.gz"
provenance = "github-attestations"

[tools.ruby."platforms.linux-arm64-musl"]
checksum = "sha256:f4bae6aba123a65817cb005d35f994781935f58d6388dd6bd3d5cd27f793a463"
url = "https://github.com/jdx/ruby/releases/download/4.0.2-1/ruby-4.0.2.arm64_linux.tar.gz"
provenance = "github-attestations"

[tools.ruby."platforms.linux-x64"]
checksum = "sha256:4564603d7f314912091b01978627be183a16b057e3c98309eed0137c3b74601a"
url = "https://github.com/jdx/ruby/releases/download/4.0.2-1/ruby-4.0.2.x86_64_linux.tar.gz"
provenance = "github-attestations"

[tools.ruby."platforms.linux-x64-musl"]
checksum = "sha256:4564603d7f314912091b01978627be183a16b057e3c98309eed0137c3b74601a"
url = "https://github.com/jdx/ruby/releases/download/4.0.2-1/ruby-4.0.2.x86_64_linux.tar.gz"
provenance = "github-attestations"

[tools.ruby."platforms.macos-arm64"]
checksum = "sha256:3719af6ceff6c1b977eecf5b48e398827ea82872377480684b75db5925b78493"
url = "https://github.com/jdx/ruby/releases/download/4.0.2-1/ruby-4.0.2.macos.tar.gz"
provenance = "github-attestations"

[tools.ruby."platforms.macos-x64"]
checksum = "sha256:51502b26b50b68df4963336ca41e368cde92c928faf91654de4c4c1791f82aac"
url = "https://cache.ruby-lang.org/pub/ruby/4.0/ruby-4.0.2.tar.gz"

[tools.ruby."platforms.windows-x64"]
checksum = "sha256:f6c562d507b272b892055f35ece3cbc65de5f3f2f63d18b7345a602af8c1e655"
url = "https://github.com/oneclick/rubyinstaller2/releases/download/RubyInstaller-4.0.2-1/rubyinstaller-4.0.2-1-x64.7z"

[[tools.stylua]]
version = "2.4.1"
backend = "aqua:JohnnyMorganz/StyLua"

[tools.stylua."platforms.linux-arm64"]
checksum = "sha256:ce8363cf77fb88f31e5cd8fe4cd8a61ff63ac0483bc5e38a1e24c5a894f04035"
url = "https://github.com/JohnnyMorganz/StyLua/releases/download/v2.4.1/stylua-linux-aarch64.zip"

[tools.stylua."platforms.linux-arm64-musl"]
checksum = "sha256:f007809cb4d2b3c23abfecc061a276a19e4f74484239d1ed297be8eb6a11a86f"
url = "https://github.com/JohnnyMorganz/StyLua/releases/download/v2.4.1/stylua-linux-aarch64-musl.zip"

[tools.stylua."platforms.linux-x64"]
checksum = "sha256:cb9280d967a3f83e443b354a6497b562de4acc1daccf4456df0f7232653d3843"
url = "https://github.com/JohnnyMorganz/StyLua/releases/download/v2.4.1/stylua-linux-x86_64-musl.zip"

[tools.stylua."platforms.linux-x64-musl"]
checksum = "sha256:cb9280d967a3f83e443b354a6497b562de4acc1daccf4456df0f7232653d3843"
url = "https://github.com/JohnnyMorganz/StyLua/releases/download/v2.4.1/stylua-linux-x86_64-musl.zip"

[tools.stylua."platforms.macos-arm64"]
checksum = "sha256:c1680c337c8d799b4226a10e8ac6744606fd00b01eb3046120b5226e31306809"
url = "https://github.com/JohnnyMorganz/StyLua/releases/download/v2.4.1/stylua-macos-aarch64.zip"

[tools.stylua."platforms.macos-x64"]
checksum = "sha256:985dc2c791ef5f0bfbaea99f18b01322613f5c6985979a8346c346a341043331"
url = "https://github.com/JohnnyMorganz/StyLua/releases/download/v2.4.1/stylua-macos-x86_64.zip"

[tools.stylua."platforms.windows-x64"]
checksum = "sha256:9b1627b6034aa7ea0ce80485d2a07e777447548839a40acda6e30824a2bba07a"
url = "https://github.com/JohnnyMorganz/StyLua/releases/download/v2.4.1/stylua-windows-x86_64.zip"

[[tools.taplo]]
version = "0.10.0"
backend = "aqua:tamasfe/taplo"

[tools.taplo."platforms.linux-arm64"]
url = "https://github.com/tamasfe/taplo/releases/download/0.10.0/taplo-linux-aarch64.gz"

[tools.taplo."platforms.linux-arm64-musl"]
url = "https://github.com/tamasfe/taplo/releases/download/0.10.0/taplo-linux-aarch64.gz"

[tools.taplo."platforms.linux-x64"]
url = "https://github.com/tamasfe/taplo/releases/download/0.10.0/taplo-linux-x86_64.gz"

[tools.taplo."platforms.linux-x64-musl"]
url = "https://github.com/tamasfe/taplo/releases/download/0.10.0/taplo-linux-x86_64.gz"

[tools.taplo."platforms.macos-arm64"]
url = "https://github.com/tamasfe/taplo/releases/download/0.10.0/taplo-darwin-aarch64.gz"

[tools.taplo."platforms.macos-x64"]
url = "https://github.com/tamasfe/taplo/releases/download/0.10.0/taplo-darwin-x86_64.gz"

[tools.taplo."platforms.windows-x64"]
url = "https://github.com/tamasfe/taplo/releases/download/0.10.0/taplo-windows-x86_64.zip"
